
Microsoft Visual Studio Solution File, Format Version 12.00
# Visual Studio 15
VisualStudioVersion = 15.0.28307.329
MinimumVisualStudioVersion = 10.0.40219.1
Project("{FAE04EC0-301F-11D3-BF4B-00C04F79EFBC}") = "扰动lncRNA筛选", "扰动lncRNA筛选\扰动lncRNA筛选.csproj", "{B4A3B02B-E024-416E-944B-1D528638E28D}"
EndProject
Global
	GlobalSection(SolutionConfigurationPlatforms) = preSolution
		Debug|Any CPU = Debug|Any CPU
		Release|Any CPU = Release|Any CPU
	EndGlobalSection
	GlobalSection(ProjectConfigurationPlatforms) = postSolution
		{B4A3B02B-E024-416E-944B-1D528638E28D}.Debug|Any CPU.ActiveCfg = Debug|Any CPU
		{B4A3B02B-E024-416E-944B-1D528638E28D}.Debug|Any CPU.Build.0 = Debug|Any CPU
		{B4A3B02B-E024-416E-944B-1D528638E28D}.Release|Any CPU.ActiveCfg = Release|Any CPU
		{B4A3B02B-E024-416E-944B-1D528638E28D}.Release|Any CPU.Build.0 = Release|Any CPU
	EndGlobalSection
	GlobalSection(SolutionProperties) = preSolution
		HideSolutionNode = FALSE
	EndGlobalSection
	GlobalSection(ExtensibilityGlobals) = postSolution
		SolutionGuid = {994E691C-F705-4EB9-A145-D0E895964D91}
	EndGlobalSection
EndGlobal
